// !$*UTF8*$!
{
	archiveVersion = 1;
	classes = {
	};
	objectVersion = 77;
	objects = {

/* Begin PBXBuildFile section */
		2A812599E25F736ED69BEC33 /* LookInsideServer in Frameworks */ = {isa = PBXBuildFile; productRef = 2A7586257684D361DB10F4B6 /* LookInsideServer */; };
		504CD4592F608D290015F2E4 /* ColorfulX in Frameworks */ = {isa = PBXBuildFile; productRef = 504CD4582F608D290015F2E4 /* ColorfulX */; };
		504CD45F2F608D480015F2E4 /* SnapKit in Frameworks */ = {isa = PBXBuildFile; productRef = 504CD45E2F608D480015F2E4 /* SnapKit */; };
		504CD4622F608D540015F2E4 /* SwifterSwift in Frameworks */ = {isa = PBXBuildFile; productRef = 504CD4612F608D540015F2E4 /* SwifterSwift */; };
		504CD4652F608D650015F2E4 /* Then in Frameworks */ = {isa = PBXBuildFile; productRef = 504CD4642F608D650015F2E4 /* Then */; };
		504CD4672F608D8A0015F2E4 /* CoreExtendedNFC in Frameworks */ = {isa = PBXBuildFile; productRef = 504CD4662F608D8A0015F2E4 /* CoreExtendedNFC */; };
		5067F67B2F6169DB00633731 /* SPIndicator in Frameworks */ = {isa = PBXBuildFile; productRef = 5067F67A2F6169DB00633731 /* SPIndicator */; };
		508966122F7005B200F40110 /* ConfigurableKit in Frameworks */ = {isa = PBXBuildFile; productRef = 508966112F7005B200F40110 /* ConfigurableKit */; };
/* End PBXBuildFile section */

/* Begin PBXContainerItemProxy section */
		50AA000A2F70000100AA000A /* PBXContainerItemProxy */ = {
			isa = PBXContainerItemProxy;
			containerPortal = 501BBCF82F5D768E00C52667 /* Project object */;
			proxyType = 1;
			remoteGlobalIDString = 501BBCFF2F5D768E00C52667;
			remoteInfo = CENFC;
		};
		50BB000A2F80000100BB000A /* PBXContainerItemProxy */ = {
			isa = PBXContainerItemProxy;
			containerPortal = 501BBCF82F5D768E00C52667 /* Project object */;
			proxyType = 1;
			remoteGlobalIDString = 501BBCFF2F5D768E00C52667;
			remoteInfo = CENFC;
		};
/* End PBXContainerItemProxy section */

/* Begin PBXFileReference section */
		501BBD002F5D768E00C52667 /* CENFC.app */ = {isa = PBXFileReference; explicitFileType = wrapper.application; includeInIndex = 0; path = CENFC.app; sourceTree = BUILT_PRODUCTS_DIR; };
		50AA00022F70000100AA0002 /* CENFCTests.xctest */ = {isa = PBXFileReference; explicitFileType = wrapper.cfbundle; includeInIndex = 0; path = CENFCTests.xctest; sourceTree = BUILT_PRODUCTS_DIR; };
		50BB00022F80000100BB0002 /* CENFCUITests.xctest */ = {isa = PBXFileReference; explicitFileType = wrapper.cfbundle; includeInIndex = 0; path = CENFCUITests.xctest; sourceTree = BUILT_PRODUCTS_DIR; };
/* End PBXFileReference section */

/* Begin PBXFileSystemSynchronizedBuildFileExceptionSet section */
		503A36BC2F5D790000C51966 /* Exceptions for "CENFC" folder in "CENFC" target */ = {
			isa = PBXFileSystemSynchronizedBuildFileExceptionSet;
			membershipExceptions = (
				Configuration/Base.xcconfig,
				Configuration/Development.xcconfig,
				Configuration/Release.xcconfig,
				Configuration/Version.xcconfig,
				Resources/Info.plist,
			);
			target = 501BBCFF2F5D768E00C52667 /* CENFC */;
		};
/* End PBXFileSystemSynchronizedBuildFileExceptionSet section */

/* Begin PBXFileSystemSynchronizedRootGroup section */
		501BBD022F5D768E00C52667 /* CENFC */ = {
			isa = PBXFileSystemSynchronizedRootGroup;
			exceptions = (
				503A36BC2F5D790000C51966 /* Exceptions for "CENFC" folder in "CENFC" target */,
			);
			path = CENFC;
			sourceTree = "<group>";
		};
		50AA00092F70000100AA0009 /* CENFCTests */ = {
			isa = PBXFileSystemSynchronizedRootGroup;
			path = CENFCTests;
			sourceTree = "<group>";
		};
		50BB00092F80000100BB0009 /* CENFCUITests */ = {
			isa = PBXFileSystemSynchronizedRootGroup;
			path = CENFCUITests;
			sourceTree = "<group>";
		};
/* End PBXFileSystemSynchronizedRootGroup section */

/* Begin PBXFrameworksBuildPhase section */
		501BBCFD2F5D768E00C52667 /* Frameworks */ = {
			isa = PBXFrameworksBuildPhase;
			buildActionMask = 2147483647;
			files = (
				508966122F7005B200F40110 /* ConfigurableKit in Frameworks */,
				504CD4652F608D650015F2E4 /* Then in Frameworks */,
				504CD4672F608D8A0015F2E4 /* CoreExtendedNFC in Frameworks */,
				5067F67B2F6169DB00633731 /* SPIndicator in Frameworks */,
				504CD45F2F608D480015F2E4 /* SnapKit in Frameworks */,
				504CD4622F608D540015F2E4 /* SwifterSwift in Frameworks */,
				504CD4592F608D290015F2E4 /* ColorfulX in Frameworks */,
				2A812599E25F736ED69BEC33 /* LookInsideServer in Frameworks */,
			);
			runOnlyForDeploymentPostprocessing = 0;
		};
		50AA00042F70000100AA0004 /* Frameworks */ = {
			isa = PBXFrameworksBuildPhase;
			buildActionMask = 2147483647;
			files = (
			);
			runOnlyForDeploymentPostprocessing = 0;
		};
		50BB00042F80000100BB0004 /* Frameworks */ = {
			isa = PBXFrameworksBuildPhase;
			buildActionMask = 2147483647;
			files = (
			);
			runOnlyForDeploymentPostprocessing = 0;
		};
/* End PBXFrameworksBuildPhase section */

/* Begin PBXGroup section */
		501BBCF72F5D768E00C52667 = {
			isa = PBXGroup;
			children = (
				501BBD022F5D768E00C52667 /* CENFC */,
				50AA00092F70000100AA0009 /* CENFCTests */,
				50BB00092F80000100BB0009 /* CENFCUITests */,
				503A36B92F5D785B00C51966 /* Frameworks */,
				501BBD012F5D768E00C52667 /* Products */,
			);
			sourceTree = "<group>";
		};
		501BBD012F5D768E00C52667 /* Products */ = {
			isa = PBXGroup;
			children = (
				501BBD002F5D768E00C52667 /* CENFC.app */,
				50AA00022F70000100AA0002 /* CENFCTests.xctest */,
				50BB00022F80000100BB0002 /* CENFCUITests.xctest */,
			);
			name = Products;
			sourceTree = "<group>";
		};
		503A36B92F5D785B00C51966 /* Frameworks */ = {
			isa = PBXGroup;
			children = (
			);
			name = Frameworks;
			sourceTree = "<group>";
		};
/* End PBXGroup section */

/* Begin PBXNativeTarget section */
		501BBCFF2F5D768E00C52667 /* CENFC */ = {
			isa = PBXNativeTarget;
			buildConfigurationList = 501BBD0B2F5D768F00C52667 /* Build configuration list for PBXNativeTarget "CENFC" */;
			buildPhases = (
				501BBCFC2F5D768E00C52667 /* Sources */,
				501BBCFD2F5D768E00C52667 /* Frameworks */,
				501BBCFE2F5D768E00C52667 /* Resources */,
			);
			buildRules = (
			);
			dependencies = (
			);
			fileSystemSynchronizedGroups = (
				501BBD022F5D768E00C52667 /* CENFC */,
			);
			name = CENFC;
			packageProductDependencies = (
				504CD4582F608D290015F2E4 /* ColorfulX */,
				504CD45E2F608D480015F2E4 /* SnapKit */,
				504CD4612F608D540015F2E4 /* SwifterSwift */,
				504CD4642F608D650015F2E4 /* Then */,
				504CD4662F608D8A0015F2E4 /* CoreExtendedNFC */,
				5067F67A2F6169DB00633731 /* SPIndicator */,
				508966112F7005B200F40110 /* ConfigurableKit */,
				2A7586257684D361DB10F4B6 /* LookInsideServer */,
			);
			productName = CENFC;
			productReference = 501BBD002F5D768E00C52667 /* CENFC.app */;
			productType = "com.apple.product-type.application";
		};
		50AA00012F70000100AA0001 /* CENFCTests */ = {
			isa = PBXNativeTarget;
			buildConfigurationList = 50AA00082F70000100AA0008 /* Build configuration list for PBXNativeTarget "CENFCTests" */;
			buildPhases = (
				50AA00032F70000100AA0003 /* Sources */,
				50AA00042F70000100AA0004 /* Frameworks */,
				50AA00052F70000100AA0005 /* Resources */,
			);
			buildRules = (
			);
			dependencies = (
				50AA000B2F70000100AA000B /* PBXTargetDependency */,
			);
			fileSystemSynchronizedGroups = (
				50AA00092F70000100AA0009 /* CENFCTests */,
			);
			name = CENFCTests;
			productName = CENFCTests;
			productReference = 50AA00022F70000100AA0002 /* CENFCTests.xctest */;
			productType = "com.apple.product-type.bundle.unit-test";
		};
		50BB00012F80000100BB0001 /* CENFCUITests */ = {
			isa = PBXNativeTarget;
			buildConfigurationList = 50BB00082F80000100BB0008 /* Build configuration list for PBXNativeTarget "CENFCUITests" */;
			buildPhases = (
				50BB00032F80000100BB0003 /* Sources */,
				50BB00042F80000100BB0004 /* Frameworks */,
				50BB00052F80000100BB0005 /* Resources */,
			);
			buildRules = (
			);
			dependencies = (
				50BB000B2F80000100BB000B /* PBXTargetDependency */,
			);
			fileSystemSynchronizedGroups = (
				50BB00092F80000100BB0009 /* CENFCUITests */,
			);
			name = CENFCUITests;
			productName = CENFCUITests;
			productReference = 50BB00022F80000100BB0002 /* CENFCUITests.xctest */;
			productType = "com.apple.product-type.bundle.ui-testing";
		};
/* End PBXNativeTarget section */

/* Begin PBXProject section */
		501BBCF82F5D768E00C52667 /* Project object */ = {
			isa = PBXProject;
			attributes = {
				BuildIndependentTargetsInParallel = 1;
				LastSwiftUpdateCheck = 2630;
				LastUpgradeCheck = 2640;
				TargetAttributes = {
					501BBCFF2F5D768E00C52667 = {
						CreatedOnToolsVersion = 26.3;
					};
					50AA00012F70000100AA0001 = {
						CreatedOnToolsVersion = 26.3;
						TestTargetID = 501BBCFF2F5D768E00C52667;
					};
					50BB00012F80000100BB0001 = {
						CreatedOnToolsVersion = 26.3;
						TestTargetID = 501BBCFF2F5D768E00C52667;
					};
				};
			};
			buildConfigurationList = 501BBCFB2F5D768E00C52667 /* Build configuration list for PBXProject "CENFC" */;
			developmentRegion = en;
			hasScannedForEncodings = 0;
			knownRegions = (
				en,
				Base,
				"zh-Hans",
			);
			mainGroup = 501BBCF72F5D768E00C52667;
			minimizedProjectReferenceProxies = 1;
			packageReferences = (
				504CD4572F608D290015F2E4 /* XCRemoteSwiftPackageReference "ColorfulX" */,
				504CD45D2F608D480015F2E4 /* XCRemoteSwiftPackageReference "SnapKit" */,
				504CD4602F608D540015F2E4 /* XCRemoteSwiftPackageReference "SwifterSwift" */,
				504CD4632F608D650015F2E4 /* XCRemoteSwiftPackageReference "Then" */,
				504CD4682F608D8A0015F2E4 /* XCLocalSwiftPackageReference ".." */,
				5067F6792F6169DB00633731 /* XCRemoteSwiftPackageReference "SPIndicator" */,
				508966102F7005B200F40110 /* XCRemoteSwiftPackageReference "ConfigurableKit" */,
				74E5A552E8D49D4D2EBB38F5 /* XCRemoteSwiftPackageReference "LookInside-Release" */,
			);
			preferredProjectObjectVersion = 77;
			productRefGroup = 501BBD012F5D768E00C52667 /* Products */;
			projectDirPath = "";
			projectRoot = "";
			targets = (
				501BBCFF2F5D768E00C52667 /* CENFC */,
				50AA00012F70000100AA0001 /* CENFCTests */,
				50BB00012F80000100BB0001 /* CENFCUITests */,
			);
		};
/* End PBXProject section */

/* Begin PBXResourcesBuildPhase section */
		501BBCFE2F5D768E00C52667 /* Resources */ = {
			isa = PBXResourcesBuildPhase;
			buildActionMask = 2147483647;
			files = (
			);
			runOnlyForDeploymentPostprocessing = 0;
		};
		50AA00052F70000100AA0005 /* Resources */ = {
			isa = PBXResourcesBuildPhase;
			buildActionMask = 2147483647;
			files = (
			);
			runOnlyForDeploymentPostprocessing = 0;
		};
		50BB00052F80000100BB0005 /* Resources */ = {
			isa = PBXResourcesBuildPhase;
			buildActionMask = 2147483647;
			files = (
			);
			runOnlyForDeploymentPostprocessing = 0;
		};
/* End PBXResourcesBuildPhase section */

/* Begin PBXSourcesBuildPhase section */
		501BBCFC2F5D768E00C52667 /* Sources */ = {
			isa = PBXSourcesBuildPhase;
			buildActionMask = 2147483647;
			files = (
			);
			runOnlyForDeploymentPostprocessing = 0;
		};
		50AA00032F70000100AA0003 /* Sources */ = {
			isa = PBXSourcesBuildPhase;
			buildActionMask = 2147483647;
			files = (
			);
			runOnlyForDeploymentPostprocessing = 0;
		};
		50BB00032F80000100BB0003 /* Sources */ = {
			isa = PBXSourcesBuildPhase;
			buildActionMask = 2147483647;
			files = (
			);
			runOnlyForDeploymentPostprocessing = 0;
		};
/* End PBXSourcesBuildPhase section */

/* Begin PBXTargetDependency section */
		50AA000B2F70000100AA000B /* PBXTargetDependency */ = {
			isa = PBXTargetDependency;
			target = 501BBCFF2F5D768E00C52667 /* CENFC */;
			targetProxy = 50AA000A2F70000100AA000A /* PBXContainerItemProxy */;
		};
		50BB000B2F80000100BB000B /* PBXTargetDependency */ = {
			isa = PBXTargetDependency;
			target = 501BBCFF2F5D768E00C52667 /* CENFC */;
			targetProxy = 50BB000A2F80000100BB000A /* PBXContainerItemProxy */;
		};
/* End PBXTargetDependency section */

/* Begin XCBuildConfiguration section */
		501BBD092F5D768F00C52667 /* Debug */ = {
			isa = XCBuildConfiguration;
			baseConfigurationReferenceAnchor = 501BBD022F5D768E00C52667 /* CENFC */;
			baseConfigurationReferenceRelativePath = Configuration/Development.xcconfig;
			buildSettings = {
				ALWAYS_SEARCH_USER_PATHS = NO;
				ASSETCATALOG_COMPILER_GENERATE_SWIFT_ASSET_SYMBOL_EXTENSIONS = YES;
				CLANG_ANALYZER_LOCALIZABILITY_NONLOCALIZED = YES;
				CLANG_ANALYZER_NONNULL = YES;
				CLANG_ANALYZER_NUMBER_OBJECT_CONVERSION = YES_AGGRESSIVE;
				CLANG_CXX_LANGUAGE_STANDARD = "gnu++20";
				CLANG_ENABLE_MODULES = YES;
				CLANG_ENABLE_OBJC_ARC = YES;
				CLANG_ENABLE_OBJC_WEAK = YES;
				CLANG_WARN_BLOCK_CAPTURE_AUTORELEASING = YES;
				CLANG_WARN_BOOL_CONVERSION = YES;
				CLANG_WARN_COMMA = YES;
				CLANG_WARN_CONSTANT_CONVERSION = YES;
				CLANG_WARN_DEPRECATED_OBJC_IMPLEMENTATIONS = YES;
				CLANG_WARN_DIRECT_OBJC_ISA_USAGE = YES_ERROR;
				CLANG_WARN_DOCUMENTATION_COMMENTS = YES;
				CLANG_WARN_EMPTY_BODY = YES;
				CLANG_WARN_ENUM_CONVERSION = YES;
				CLANG_WARN_INFINITE_RECURSION = YES;
				CLANG_WARN_INT_CONVERSION = YES;
				CLANG_WARN_NON_LITERAL_NULL_CONVERSION = YES;
				CLANG_WARN_OBJC_IMPLICIT_RETAIN_SELF = YES;
				CLANG_WARN_OBJC_LITERAL_CONVERSION = YES;
				CLANG_WARN_OBJC_ROOT_CLASS = YES_ERROR;
				CLANG_WARN_QUOTED_INCLUDE_IN_FRAMEWORK_HEADER = YES;
				CLANG_WARN_RANGE_LOOP_ANALYSIS = YES;
				CLANG_WARN_STRICT_PROTOTYPES = YES;
				CLANG_WARN_SUSPICIOUS_MOVE = YES;
				CLANG_WARN_UNGUARDED_AVAILABILITY = YES_AGGRESSIVE;
				CLANG_WARN_UNREACHABLE_CODE = YES;
				CLANG_WARN__DUPLICATE_METHOD_MATCH = YES;
				COPY_PHASE_STRIP = NO;
				DEBUG_INFORMATION_FORMAT = dwarf;
				DEVELOPMENT_TEAM = 964G86XT2P;
				ENABLE_STRICT_OBJC_MSGSEND = YES;
				ENABLE_TESTABILITY = YES;
				ENABLE_USER_SCRIPT_SANDBOXING = YES;
				GCC_C_LANGUAGE_STANDARD = gnu17;
				GCC_DYNAMIC_NO_PIC = NO;
				GCC_NO_COMMON_BLOCKS = YES;
				GCC_OPTIMIZATION_LEVEL = 0;
				GCC_PREPROCESSOR_DEFINITIONS = (
					"DEBUG=1",
					"$(inherited)",
				);
				GCC_WARN_64_TO_32_BIT_CONVERSION = YES;
				GCC_WARN_ABOUT_RETURN_TYPE = YES_ERROR;
				GCC_WARN_UNDECLARED_SELECTOR = YES;
				GCC_WARN_UNINITIALIZED_AUTOS = YES_AGGRESSIVE;
				GCC_WARN_UNUSED_FUNCTION = YES;
				GCC_WARN_UNUSED_VARIABLE = YES;
				IPHONEOS_DEPLOYMENT_TARGET = 26.2;
				LOCALIZATION_PREFERS_STRING_CATALOGS = YES;
				MTL_ENABLE_DEBUG_INFO = INCLUDE_SOURCE;
				MTL_FAST_MATH = YES;
				ONLY_ACTIVE_ARCH = YES;
				SDKROOT = iphoneos;
				STRING_CATALOG_GENERATE_SYMBOLS = YES;
				SWIFT_ACTIVE_COMPILATION_CONDITIONS = "DEBUG $(inherited)";
				SWIFT_EMIT_LOC_STRINGS = YES;
				SWIFT_OPTIMIZATION_LEVEL = "-Onone";
			};
			name = Debug;
		};
		501BBD0A2F5D768F00C52667 /* Release */ = {
			isa = XCBuildConfiguration;
			baseConfigurationReferenceAnchor = 501BBD022F5D768E00C52667 /* CENFC */;
			baseConfigurationReferenceRelativePath = Configuration/Release.xcconfig;
			buildSettings = {
				ALWAYS_SEARCH_USER_PATHS = NO;
				ASSETCATALOG_COMPILER_GENERATE_SWIFT_ASSET_SYMBOL_EXTENSIONS = YES;
				CLANG_ANALYZER_LOCALIZABILITY_NONLOCALIZED = YES;
				CLANG_ANALYZER_NONNULL = YES;
				CLANG_ANALYZER_NUMBER_OBJECT_CONVERSION = YES_AGGRESSIVE;
				CLANG_CXX_LANGUAGE_STANDARD = "gnu++20";
				CLANG_ENABLE_MODULES = YES;
				CLANG_ENABLE_OBJC_ARC = YES;
				CLANG_ENABLE_OBJC_WEAK = YES;
				CLANG_WARN_BLOCK_CAPTURE_AUTORELEASING = YES;
				CLANG_WARN_BOOL_CONVERSION = YES;
				CLANG_WARN_COMMA = YES;
				CLANG_WARN_CONSTANT_CONVERSION = YES;
				CLANG_WARN_DEPRECATED_OBJC_IMPLEMENTATIONS = YES;
				CLANG_WARN_DIRECT_OBJC_ISA_USAGE = YES_ERROR;
				CLANG_WARN_DOCUMENTATION_COMMENTS = YES;
				CLANG_WARN_EMPTY_BODY = YES;
				CLANG_WARN_ENUM_CONVERSION = YES;
				CLANG_WARN_INFINITE_RECURSION = YES;
				CLANG_WARN_INT_CONVERSION = YES;
				CLANG_WARN_NON_LITERAL_NULL_CONVERSION = YES;
				CLANG_WARN_OBJC_IMPLICIT_RETAIN_SELF = YES;
				CLANG_WARN_OBJC_LITERAL_CONVERSION = YES;
				CLANG_WARN_OBJC_ROOT_CLASS = YES_ERROR;
				CLANG_WARN_QUOTED_INCLUDE_IN_FRAMEWORK_HEADER = YES;
				CLANG_WARN_RANGE_LOOP_ANALYSIS = YES;
				CLANG_WARN_STRICT_PROTOTYPES = YES;
				CLANG_WARN_SUSPICIOUS_MOVE = YES;
				CLANG_WARN_UNGUARDED_AVAILABILITY = YES_AGGRESSIVE;
				CLANG_WARN_UNREACHABLE_CODE = YES;
				CLANG_WARN__DUPLICATE_METHOD_MATCH = YES;
				COPY_PHASE_STRIP = NO;
				DEBUG_INFORMATION_FORMAT = "dwarf-with-dsym";
				DEVELOPMENT_TEAM = 964G86XT2P;
				ENABLE_NS_ASSERTIONS = NO;
				ENABLE_STRICT_OBJC_MSGSEND = YES;
				ENABLE_USER_SCRIPT_SANDBOXING = YES;
				GCC_C_LANGUAGE_STANDARD = gnu17;
				GCC_NO_COMMON_BLOCKS = YES;
				GCC_WARN_64_TO_32_BIT_CONVERSION = YES;
				GCC_WARN_ABOUT_RETURN_TYPE = YES_ERROR;
				GCC_WARN_UNDECLARED_SELECTOR = YES;
				GCC_WARN_UNINITIALIZED_AUTOS = YES_AGGRESSIVE;
				GCC_WARN_UNUSED_FUNCTION = YES;
				GCC_WARN_UNUSED_VARIABLE = YES;
				IPHONEOS_DEPLOYMENT_TARGET = 26.2;
				LOCALIZATION_PREFERS_STRING_CATALOGS = YES;
				MTL_ENABLE_DEBUG_INFO = NO;
				MTL_FAST_MATH = YES;
				SDKROOT = iphoneos;
				STRING_CATALOG_GENERATE_SYMBOLS = YES;
				SWIFT_COMPILATION_MODE = wholemodule;
				SWIFT_EMIT_LOC_STRINGS = YES;
				VALIDATE_PRODUCT = YES;
			};
			name = Release;
		};
		501BBD0C2F5D768F00C52667 /* Debug */ = {
			isa = XCBuildConfiguration;
			baseConfigurationReferenceAnchor = 501BBD022F5D768E00C52667 /* CENFC */;
			baseConfigurationReferenceRelativePath = Configuration/Development.xcconfig;
			buildSettings = {
				ASSETCATALOG_COMPILER_APPICON_NAME = AppIcon;
				ASSETCATALOG_COMPILER_GLOBAL_ACCENT_COLOR_NAME = AccentColor;
				CODE_SIGN_ENTITLEMENTS = CENFC/Resources/Entitlements.entitlements;
				CURRENT_PROJECT_VERSION = 18;
				ENABLE_ENHANCED_SECURITY = YES;
				ENABLE_POINTER_AUTHENTICATION = NO;
				ENABLE_PREVIEWS = YES;
				GENERATE_INFOPLIST_FILE = YES;
				INFOPLIST_FILE = CENFC/Resources/Info.plist;
				INFOPLIST_KEY_CFBundleDisplayName = CENFC;
				INFOPLIST_KEY_LSApplicationCategoryType = "public.app-category.utilities";
				INFOPLIST_KEY_NFCReaderUsageDescription = "This app reads NFC tags and electronic travel documents to display card details, memory dumps, and protocol responses. All data is processed and stored locally on your device and is never uploaded to any server.";
				INFOPLIST_KEY_UIApplicationSupportsIndirectInputEvents = YES;
				INFOPLIST_KEY_UISupportedInterfaceOrientations = UIInterfaceOrientationPortrait;
				INFOPLIST_KEY_UISupportedInterfaceOrientations_iPad = "UIInterfaceOrientationPortrait UIInterfaceOrientationPortraitUpsideDown UIInterfaceOrientationLandscapeLeft UIInterfaceOrientationLandscapeRight";
				INFOPLIST_KEY_UISupportedInterfaceOrientations_iPhone = "UIInterfaceOrientationPortrait UIInterfaceOrientationLandscapeLeft UIInterfaceOrientationLandscapeRight";
				IPHONEOS_DEPLOYMENT_TARGET = 16.0;
				ITSAppUsesNonExemptEncryption = NO;
				LD_RUNPATH_SEARCH_PATHS = (
					"$(inherited)",
					"@executable_path/Frameworks",
				);
				MARKETING_VERSION = 1.1.0;
				PRODUCT_NAME = "$(TARGET_NAME)";
				STRING_CATALOG_GENERATE_SYMBOLS = YES;
				SWIFT_APPROACHABLE_CONCURRENCY = YES;
				SWIFT_DEFAULT_ACTOR_ISOLATION = MainActor;
				SWIFT_EMIT_LOC_STRINGS = YES;
				SWIFT_OPTIMIZATION_LEVEL = "-Onone";
				SWIFT_UPCOMING_FEATURE_MEMBER_IMPORT_VISIBILITY = YES;
				SWIFT_VERSION = 5.0;
				TARGETED_DEVICE_FAMILY = 1;
			};
			name = Debug;
		};
		501BBD0D2F5D768F00C52667 /* Release */ = {
			isa = XCBuildConfiguration;
			baseConfigurationReferenceAnchor = 501BBD022F5D768E00C52667 /* CENFC */;
			baseConfigurationReferenceRelativePath = Configuration/Release.xcconfig;
			buildSettings = {
				ASSETCATALOG_COMPILER_APPICON_NAME = AppIcon;
				ASSETCATALOG_COMPILER_GLOBAL_ACCENT_COLOR_NAME = AccentColor;
				CODE_SIGN_ENTITLEMENTS = CENFC/Resources/Entitlements.entitlements;
				CURRENT_PROJECT_VERSION = 18;
				ENABLE_ENHANCED_SECURITY = YES;
				ENABLE_POINTER_AUTHENTICATION = NO;
				ENABLE_PREVIEWS = YES;
				EXCLUDED_SOURCE_FILE_NAMES = (
					"$(inherited)",
					"LookInsideServer*",
				);
				GCC_OPTIMIZATION_LEVEL = s;
				GENERATE_INFOPLIST_FILE = YES;
				INFOPLIST_FILE = CENFC/Resources/Info.plist;
				INFOPLIST_KEY_CFBundleDisplayName = CENFC;
				INFOPLIST_KEY_LSApplicationCategoryType = "public.app-category.utilities";
				INFOPLIST_KEY_NFCReaderUsageDescription = "This app reads NFC tags and electronic travel documents to display card details, memory dumps, and protocol responses. All data is processed and stored locally on your device and is never uploaded to any server.";
				INFOPLIST_KEY_UIApplicationSupportsIndirectInputEvents = YES;
				INFOPLIST_KEY_UISupportedInterfaceOrientations = UIInterfaceOrientationPortrait;
				INFOPLIST_KEY_UISupportedInterfaceOrientations_iPad = "UIInterfaceOrientationPortrait UIInterfaceOrientationPortraitUpsideDown UIInterfaceOrientationLandscapeLeft UIInterfaceOrientationLandscapeRight";
				INFOPLIST_KEY_UISupportedInterfaceOrientations_iPhone = "UIInterfaceOrientationPortrait UIInterfaceOrientationLandscapeLeft UIInterfaceOrientationLandscapeRight";
				IPHONEOS_DEPLOYMENT_TARGET = 16.0;
				ITSAppUsesNonExemptEncryption = NO;
				LD_RUNPATH_SEARCH_PATHS = (
					"$(inherited)",
					"@executable_path/Frameworks",
				);
				MARKETING_VERSION = 1.1.0;
				PRODUCT_NAME = "$(TARGET_NAME)";
				STRING_CATALOG_GENERATE_SYMBOLS = YES;
				SWIFT_APPROACHABLE_CONCURRENCY = YES;
				SWIFT_DEFAULT_ACTOR_ISOLATION = MainActor;
				SWIFT_EMIT_LOC_STRINGS = YES;
				SWIFT_OPTIMIZATION_LEVEL = "-Onone";
				SWIFT_UPCOMING_FEATURE_MEMBER_IMPORT_VISIBILITY = YES;
				SWIFT_VERSION = 5.0;
				TARGETED_DEVICE_FAMILY = 1;
			};
			name = Release;
		};
		50AA00062F70000100AA0006 /* Debug */ = {
			isa = XCBuildConfiguration;
			baseConfigurationReferenceAnchor = 501BBD022F5D768E00C52667 /* CENFC */;
			baseConfigurationReferenceRelativePath = Configuration/Development.xcconfig;
			buildSettings = {
				BUNDLE_LOADER = "$(TEST_HOST)";
				GENERATE_INFOPLIST_FILE = YES;
				IPHONEOS_DEPLOYMENT_TARGET = 26.0;
				PRODUCT_BUNDLE_IDENTIFIER = wiki.qaq.nfc.app.tests;
				PRODUCT_NAME = "$(TARGET_NAME)";
				SWIFT_EMIT_LOC_STRINGS = NO;
				SWIFT_VERSION = 5.0;
				TARGETED_DEVICE_FAMILY = 1;
				TEST_HOST = "$(BUILT_PRODUCTS_DIR)/CENFC.app/$(BUNDLE_EXECUTABLE_FOLDER_PATH)/CENFC";
			};
			name = Debug;
		};
		50AA00072F70000100AA0007 /* Release */ = {
			isa = XCBuildConfiguration;
			baseConfigurationReferenceAnchor = 501BBD022F5D768E00C52667 /* CENFC */;
			baseConfigurationReferenceRelativePath = Configuration/Release.xcconfig;
			buildSettings = {
				BUNDLE_LOADER = "$(TEST_HOST)";
				GENERATE_INFOPLIST_FILE = YES;
				IPHONEOS_DEPLOYMENT_TARGET = 26.0;
				PRODUCT_BUNDLE_IDENTIFIER = wiki.qaq.nfc.app.tests;
				PRODUCT_NAME = "$(TARGET_NAME)";
				SWIFT_EMIT_LOC_STRINGS = NO;
				SWIFT_VERSION = 5.0;
				TARGETED_DEVICE_FAMILY = 1;
				TEST_HOST = "$(BUILT_PRODUCTS_DIR)/CENFC.app/$(BUNDLE_EXECUTABLE_FOLDER_PATH)/CENFC";
			};
			name = Release;
		};
		50BB00062F80000100BB0006 /* Debug */ = {
			isa = XCBuildConfiguration;
			baseConfigurationReferenceAnchor = 501BBD022F5D768E00C52667 /* CENFC */;
			baseConfigurationReferenceRelativePath = Configuration/Development.xcconfig;
			buildSettings = {
				CODE_SIGN_STYLE = Automatic;
				GENERATE_INFOPLIST_FILE = YES;
				IPHONEOS_DEPLOYMENT_TARGET = 16.0;
				LD_RUNPATH_SEARCH_PATHS = (
					"$(inherited)",
					"@executable_path/Frameworks",
					"@loader_path/Frameworks",
				);
				PRODUCT_BUNDLE_IDENTIFIER = wiki.qaq.nfc.app.uitests;
				PRODUCT_NAME = "$(TARGET_NAME)";
				SWIFT_EMIT_LOC_STRINGS = NO;
				SWIFT_VERSION = 5.0;
				TARGETED_DEVICE_FAMILY = 1;
				TEST_TARGET_NAME = CENFC;
			};
			name = Debug;
		};
		50BB00072F80000100BB0007 /* Release */ = {
			isa = XCBuildConfiguration;
			baseConfigurationReferenceAnchor = 501BBD022F5D768E00C52667 /* CENFC */;
			baseConfigurationReferenceRelativePath = Configuration/Release.xcconfig;
			buildSettings = {
				CODE_SIGN_STYLE = Automatic;
				GENERATE_INFOPLIST_FILE = YES;
				IPHONEOS_DEPLOYMENT_TARGET = 16.0;
				LD_RUNPATH_SEARCH_PATHS = (
					"$(inherited)",
					"@executable_path/Frameworks",
					"@loader_path/Frameworks",
				);
				PRODUCT_BUNDLE_IDENTIFIER = wiki.qaq.nfc.app.uitests;
				PRODUCT_NAME = "$(TARGET_NAME)";
				SWIFT_EMIT_LOC_STRINGS = NO;
				SWIFT_VERSION = 5.0;
				TARGETED_DEVICE_FAMILY = 1;
				TEST_TARGET_NAME = CENFC;
			};
			name = Release;
		};
/* End XCBuildConfiguration section */

/* Begin XCConfigurationList section */
		501BBCFB2F5D768E00C52667 /* Build configuration list for PBXProject "CENFC" */ = {
			isa = XCConfigurationList;
			buildConfigurations = (
				501BBD092F5D768F00C52667 /* Debug */,
				501BBD0A2F5D768F00C52667 /* Release */,
			);
			defaultConfigurationIsVisible = 0;
			defaultConfigurationName = Release;
		};
		501BBD0B2F5D768F00C52667 /* Build configuration list for PBXNativeTarget "CENFC" */ = {
			isa = XCConfigurationList;
			buildConfigurations = (
				501BBD0C2F5D768F00C52667 /* Debug */,
				501BBD0D2F5D768F00C52667 /* Release */,
			);
			defaultConfigurationIsVisible = 0;
			defaultConfigurationName = Release;
		};
		50AA00082F70000100AA0008 /* Build configuration list for PBXNativeTarget "CENFCTests" */ = {
			isa = XCConfigurationList;
			buildConfigurations = (
				50AA00062F70000100AA0006 /* Debug */,
				50AA00072F70000100AA0007 /* Release */,
			);
			defaultConfigurationIsVisible = 0;
			defaultConfigurationName = Release;
		};
		50BB00082F80000100BB0008 /* Build configuration list for PBXNativeTarget "CENFCUITests" */ = {
			isa = XCConfigurationList;
			buildConfigurations = (
				50BB00062F80000100BB0006 /* Debug */,
				50BB00072F80000100BB0007 /* Release */,
			);
			defaultConfigurationIsVisible = 0;
			defaultConfigurationName = Release;
		};
/* End XCConfigurationList section */

/* Begin XCLocalSwiftPackageReference section */
		504CD4682F608D8A0015F2E4 /* XCLocalSwiftPackageReference ".." */ = {
			isa = XCLocalSwiftPackageReference;
			relativePath = ..;
		};
/* End XCLocalSwiftPackageReference section */

/* Begin XCRemoteSwiftPackageReference section */
		504CD4572F608D290015F2E4 /* XCRemoteSwiftPackageReference "ColorfulX" */ = {
			isa = XCRemoteSwiftPackageReference;
			repositoryURL = "https://github.com/Lakr233/ColorfulX";
			requirement = {
				kind = upToNextMajorVersion;
				minimumVersion = 6.1.0;
			};
		};
		504CD45D2F608D480015F2E4 /* XCRemoteSwiftPackageReference "SnapKit" */ = {
			isa = XCRemoteSwiftPackageReference;
			repositoryURL = "https://github.com/SnapKit/SnapKit";
			requirement = {
				kind = upToNextMajorVersion;
				minimumVersion = 5.7.1;
			};
		};
		504CD4602F608D540015F2E4 /* XCRemoteSwiftPackageReference "SwifterSwift" */ = {
			isa = XCRemoteSwiftPackageReference;
			repositoryURL = "https://github.com/SwifterSwift/SwifterSwift";
			requirement = {
				kind = upToNextMajorVersion;
				minimumVersion = 8.0.0;
			};
		};
		504CD4632F608D650015F2E4 /* XCRemoteSwiftPackageReference "Then" */ = {
			isa = XCRemoteSwiftPackageReference;
			repositoryURL = "https://github.com/devxoul/Then";
			requirement = {
				kind = upToNextMajorVersion;
				minimumVersion = 3.0.0;
			};
		};
		5067F6792F6169DB00633731 /* XCRemoteSwiftPackageReference "SPIndicator" */ = {
			isa = XCRemoteSwiftPackageReference;
			repositoryURL = "https://github.com/ivanvorobei/SPIndicator";
			requirement = {
				kind = upToNextMajorVersion;
				minimumVersion = 1.6.5;
			};
		};
		508966102F7005B200F40110 /* XCRemoteSwiftPackageReference "ConfigurableKit" */ = {
			isa = XCRemoteSwiftPackageReference;
			repositoryURL = "https://github.com/Lakr233/ConfigurableKit";
			requirement = {
				kind = upToNextMajorVersion;
				minimumVersion = 4.1.1;
			};
		};
		74E5A552E8D49D4D2EBB38F5 /* XCRemoteSwiftPackageReference "LookInside-Release" */ = {
			isa = XCRemoteSwiftPackageReference;
			repositoryURL = "https://github.com/LookInsideApp/LookInside-Release.git";
			requirement = {
				kind = upToNextMajorVersion;
				minimumVersion = 0.2.2;
			};
		};
/* End XCRemoteSwiftPackageReference section */

/* Begin XCSwiftPackageProductDependency section */
		2A7586257684D361DB10F4B6 /* LookInsideServer */ = {
			isa = XCSwiftPackageProductDependency;
			package = 74E5A552E8D49D4D2EBB38F5 /* XCRemoteSwiftPackageReference "LookInside-Release" */;
			productName = LookInsideServer;
		};
		504CD4582F608D290015F2E4 /* ColorfulX */ = {
			isa = XCSwiftPackageProductDependency;
			package = 504CD4572F608D290015F2E4 /* XCRemoteSwiftPackageReference "ColorfulX" */;
			productName = ColorfulX;
		};
		504CD45E2F608D480015F2E4 /* SnapKit */ = {
			isa = XCSwiftPackageProductDependency;
			package = 504CD45D2F608D480015F2E4 /* XCRemoteSwiftPackageReference "SnapKit" */;
			productName = SnapKit;
		};
		504CD4612F608D540015F2E4 /* SwifterSwift */ = {
			isa = XCSwiftPackageProductDependency;
			package = 504CD4602F608D540015F2E4 /* XCRemoteSwiftPackageReference "SwifterSwift" */;
			productName = SwifterSwift;
		};
		504CD4642F608D650015F2E4 /* Then */ = {
			isa = XCSwiftPackageProductDependency;
			package = 504CD4632F608D650015F2E4 /* XCRemoteSwiftPackageReference "Then" */;
			productName = Then;
		};
		504CD4662F608D8A0015F2E4 /* CoreExtendedNFC */ = {
			isa = XCSwiftPackageProductDependency;
			package = 504CD4682F608D8A0015F2E4 /* XCLocalSwiftPackageReference ".." */;
			productName = CoreExtendedNFC;
		};
		5067F67A2F6169DB00633731 /* SPIndicator */ = {
			isa = XCSwiftPackageProductDependency;
			package = 5067F6792F6169DB00633731 /* XCRemoteSwiftPackageReference "SPIndicator" */;
			productName = SPIndicator;
		};
		508966112F7005B200F40110 /* ConfigurableKit */ = {
			isa = XCSwiftPackageProductDependency;
			package = 508966102F7005B200F40110 /* XCRemoteSwiftPackageReference "ConfigurableKit" */;
			productName = ConfigurableKit;
		};
/* End XCSwiftPackageProductDependency section */
	};
	rootObject = 501BBCF82F5D768E00C52667 /* Project object */;
}
